
Microsoft Visual Studio Solution File, Format Version 12.00
# Visual Studio Version 17
VisualStudioVersion = 17.11.35303.130
MinimumVisualStudioVersion = 10.0.40219.1
Project("{2150E333-8FDC-42A3-9474-1A3956D46DE8}") = "Task0", "Task0", "{F61AC105-B06B-4911-A75F-5020C8B774EC}"
EndProject
Project("{9A19103F-16F7-4668-BE54-9A1E7A4F7556}") = "Tyuiu.TimoninIA.Sprint3.Task0.V30", "Tyuiu.TimoninIA.Sprint3.Task0.V30\Tyuiu.TimoninIA.Sprint3.Task0.V30.csproj", "{FFB155B1-B334-4E18-B370-B54736967303}"
EndProject
Project("{9A19103F-16F7-4668-BE54-9A1E7A4F7556}") = "Tyuiu.TimoninIA.Sprint3.Task0.V30.Lib", "Tyuiu.TimoninIA.Sprint3.Task0.V30.Lib\Tyuiu.TimoninIA.Sprint3.Task0.V30.Lib.csproj", "{335A2804-8687-4A63-AB68-6EC20C748014}"
EndProject
Project("{9A19103F-16F7-4668-BE54-9A1E7A4F7556}") = "Tyuiu.TimoninIA.Sprint3.Task0.V30.Test", "Tyuiu.TimoninIA.Sprint3.Task0.V30.Test\Tyuiu.TimoninIA.Sprint3.Task0.V30.Test.csproj", "{1AE544E2-827E-4409-AF72-43E653EC176A}"
EndProject
Project("{2150E333-8FDC-42A3-9474-1A3956D46DE8}") = "Task1", "Task1", "{00EE7975-0929-476C-8F62-0794D97D4C6C}"
EndProject
Project("{9A19103F-16F7-4668-BE54-9A1E7A4F7556}") = "Tyuiu.TimoninIA.Sprint3.Task1.V1", "Tyuiu.TimoninIA.Sprint3.Task1.V1\Tyuiu.TimoninIA.Sprint3.Task1.V1.csproj", "{786D833D-AD28-467A-986D-2D842C164230}"
EndProject
Project("{9A19103F-16F7-4668-BE54-9A1E7A4F7556}") = "Tyuiu.TimoninIA.Sprint3.Task1.V1.Lib", "Tyuiu.TimoninIA.Sprint3.Task1.V1.Lib\Tyuiu.TimoninIA.Sprint3.Task1.V1.Lib.csproj", "{A258F585-0D6E-46FC-BACE-8ACA98FC399E}"
EndProject
Project("{9A19103F-16F7-4668-BE54-9A1E7A4F7556}") = "Tyuiu.TimoninIA.Sprint3.Task1.V1.Test", "Tyuiu.TimoninIA.Sprint3.Task1.V1.Test\Tyuiu.TimoninIA.Sprint3.Task1.V1.Test.csproj", "{F8B5C380-6136-4773-A036-A688BAE51F59}"
EndProject
Project("{2150E333-8FDC-42A3-9474-1A3956D46DE8}") = "Task2", "Task2", "{3D2B247F-C8C5-4AA6-92D3-0839719EC9EE}"
EndProject
Project("{9A19103F-16F7-4668-BE54-9A1E7A4F7556}") = "Tyuiu.TimoninIA.Sprint3.Task2.V14", "Tyuiu.TimoninIA.Sprint3.Task2.V14\Tyuiu.TimoninIA.Sprint3.Task2.V14.csproj", "{0497D9B6-C86E-499B-A833-C9534445331D}"
EndProject
Project("{9A19103F-16F7-4668-BE54-9A1E7A4F7556}") = "Tyuiu.TimoninIA.Sprint3.Task2.V14.Lib", "Tyuiu.TimoninIA.Sprint3.Task2.V14.Lib\Tyuiu.TimoninIA.Sprint3.Task2.V14.Lib.csproj", "{54595501-0CCA-43C0-A110-CC26C9DB60AE}"
EndProject
Project("{9A19103F-16F7-4668-BE54-9A1E7A4F7556}") = "Tyuiu.TimoninIA.Sprint3.Task2.V14.Test", "Tyuiu.TimoninIA.Sprint3.Task2.V14.Test\Tyuiu.TimoninIA.Sprint3.Task2.V14.Test.csproj", "{9C71E054-CE81-40FE-9D42-2DD1694C1AD5}"
EndProject
Project("{2150E333-8FDC-42A3-9474-1A3956D46DE8}") = "Task3", "Task3", "{AED2748C-EC19-4F9E-8C77-69D3D19EC224}"
EndProject
Project("{9A19103F-16F7-4668-BE54-9A1E7A4F7556}") = "Tyuiu.TimoninIA.Sprint3.Task3.V1", "Tyuiu.TimoninIA.Sprint3.Task3.V1\Tyuiu.TimoninIA.Sprint3.Task3.V1.csproj", "{61BA2A15-A909-442D-B4A5-A3880D81A301}"
EndProject
Project("{9A19103F-16F7-4668-BE54-9A1E7A4F7556}") = "Tyuiu.TimoninIA.Sprint3.Task3.V1.Lib", "Tyuiu.TimoninIA.Sprint3.Task3.V1.Lib\Tyuiu.TimoninIA.Sprint3.Task3.V1.Lib.csproj", "{E8D333D4-8B7C-4C94-A00C-0CE8DF426EBB}"
EndProject
Project("{9A19103F-16F7-4668-BE54-9A1E7A4F7556}") = "Tyuiu.TimoninIA.Sprint3.Task3.V1.Test", "Tyuiu.TimoninIA.Sprint3.Task3.V1.Test\Tyuiu.TimoninIA.Sprint3.Task3.V1.Test.csproj", "{90C99469-19DA-43AA-A83D-1997B6746DF9}"
EndProject
Project("{2150E333-8FDC-42A3-9474-1A3956D46DE8}") = "Task4", "Task4", "{7552CD10-EC3B-4E0A-AA31-5C7D05A0ED54}"
EndProject
Project("{FAE04EC0-301F-11D3-BF4B-00C04F79EFBC}") = "Tyuiu.TimoninIA.Sprint3.Task4.V1", "Tyuiu.TimoninIA.Sprint3.Task4.V1\Tyuiu.TimoninIA.Sprint3.Task4.V1.csproj", "{6BEE3DB6-BBF1-4581-BA5D-FE12B86B9AE8}"
EndProject
Project("{FAE04EC0-301F-11D3-BF4B-00C04F79EFBC}") = "Tyuiu.TimoninIA.Sprint3.Task4.V1.Lib", "Tyuiu.TimoninIA.Sprint3.Task4.V1.Lib\Tyuiu.TimoninIA.Sprint3.Task4.V1.Lib.csproj", "{8A1F529D-0C52-4EE8-89AF-F2B89A2CE1BC}"
EndProject
Project("{FAE04EC0-301F-11D3-BF4B-00C04F79EFBC}") = "Tyuiu.TimoninIA.Sprint3.Task4.V1.Test", "Tyuiu.TimoninIA.Sprint3.Task4.V1.Test\Tyuiu.TimoninIA.Sprint3.Task4.V1.Test.csproj", "{1E82B2C4-7BA6-43E3-9A3C-B133B5073982}"
EndProject
Project("{2150E333-8FDC-42A3-9474-1A3956D46DE8}") = "Task5", "Task5", "{6D9D5202-3E0E-4E63-9AA7-02EE8110AA99}"
EndProject
Project("{FAE04EC0-301F-11D3-BF4B-00C04F79EFBC}") = "Tyuiu.TimoninIA.Sprint3.Task5.V23", "Tyuiu.TimoninIA.Sprint3.Task5.V23\Tyuiu.TimoninIA.Sprint3.Task5.V23.csproj", "{E2D61D61-E89B-42AC-8E5B-BD9DF3B7A87B}"
EndProject
Project("{FAE04EC0-301F-11D3-BF4B-00C04F79EFBC}") = "Tyuiu.TimoninIA.Sprint3.Task5.V23.Lib", "Tyuiu.TimoninIA.Sprint3.Task5.V23.Lib\Tyuiu.TimoninIA.Sprint3.Task5.V23.Lib.csproj", "{846047E4-6949-4E77-806F-38756483A571}"
EndProject
Project("{FAE04EC0-301F-11D3-BF4B-00C04F79EFBC}") = "Tyuiu.TimoninIA.Sprint3.Task5.V23.Test", "Tyuiu.TimoninIA.Sprint3.Task5.V23.Test\Tyuiu.TimoninIA.Sprint3.Task5.V23.Test.csproj", "{DCD9FC44-DEBE-44F5-8499-E6C7C5FECA22}"
EndProject
Project("{2150E333-8FDC-42A3-9474-1A3956D46DE8}") = "Task6", "Task6", "{58C07631-E8FA-4B51-B493-8E7C0073F1E7}"
EndProject
Project("{2150E333-8FDC-42A3-9474-1A3956D46DE8}") = "Task7", "Task7", "{876D84F0-8296-44AF-8B11-05444058115D}"
EndProject
Project("{FAE04EC0-301F-11D3-BF4B-00C04F79EFBC}") = "Tyuiu.TimoninIA.Sprint3.Task6.V19", "Tyuiu.TimoninIA.Sprint3.Task6.V19\Tyuiu.TimoninIA.Sprint3.Task6.V19.csproj", "{AB8704C1-C87D-45C3-88C3-859C2EF8C3FF}"
EndProject
Project("{FAE04EC0-301F-11D3-BF4B-00C04F79EFBC}") = "Tyuiu.TimoninIA.Sprint3.Task6.V19.Lib", "Tyuiu.TimoninIA.Sprint3.Task6.V19.Lib\Tyuiu.TimoninIA.Sprint3.Task6.V19.Lib.csproj", "{7F12AF7C-03AC-42DA-8A19-4D401353ECA0}"
EndProject
Project("{FAE04EC0-301F-11D3-BF4B-00C04F79EFBC}") = "Tyuiu.TimoninIA.Sprint3.Task6.V19.Test", "Tyuiu.TimoninIA.Sprint3.Task6.V19.Test\Tyuiu.TimoninIA.Sprint3.Task6.V19.Test.csproj", "{2C594C34-4996-4C15-9B21-6D5FBBDA7B25}"
EndProject
Project("{FAE04EC0-301F-11D3-BF4B-00C04F79EFBC}") = "Tyuiu.TimoninIA.Sprint3.Task7.V7", "Tyuiu.TimoninIA.Sprint3.Task7.V7\Tyuiu.TimoninIA.Sprint3.Task7.V7.csproj", "{E6DE4DE7-7289-4661-8BDC-F8FA6575EA4E}"
EndProject
Project("{FAE04EC0-301F-11D3-BF4B-00C04F79EFBC}") = "Tyuiu.TimoninIA.Sprint3.Task7.V7.Lib", "Tyuiu.TimoninIA.Sprint3.Task7.V7.Lib\Tyuiu.TimoninIA.Sprint3.Task7.V7.Lib.csproj", "{62183CDA-2FE3-4909-81DA-4DB6E01C2C1F}"
EndProject
Project("{FAE04EC0-301F-11D3-BF4B-00C04F79EFBC}") = "Tyuiu.TimoninIA.Sprint3.Task7.V7.Test", "Tyuiu.TimoninIA.Sprint3.Task7.V7.Test\Tyuiu.TimoninIA.Sprint3.Task7.V7.Test.csproj", "{AF802159-D61E-4DA5-8F14-EC3CFF788004}"
EndProject
Global
	GlobalSection(SolutionConfigurationPlatforms) = preSolution
		Debug|Any CPU = Debug|Any CPU
		Release|Any CPU = Release|Any CPU
	EndGlobalSection
	GlobalSection(ProjectConfigurationPlatforms) = postSolution
		{FFB155B1-B334-4E18-B370-B54736967303}.Debug|Any CPU.ActiveCfg = Debug|Any CPU
		{FFB155B1-B334-4E18-B370-B54736967303}.Debug|Any CPU.Build.0 = Debug|Any CPU
		{FFB155B1-B334-4E18-B370-B54736967303}.Release|Any CPU.ActiveCfg = Release|Any CPU
		{FFB155B1-B334-4E18-B370-B54736967303}.Release|Any CPU.Build.0 = Release|Any CPU
		{335A2804-8687-4A63-AB68-6EC20C748014}.Debug|Any CPU.ActiveCfg = Debug|Any CPU
		{335A2804-8687-4A63-AB68-6EC20C748014}.Debug|Any CPU.Build.0 = Debug|Any CPU
		{335A2804-8687-4A63-AB68-6EC20C748014}.Release|Any CPU.ActiveCfg = Release|Any CPU
		{335A2804-8687-4A63-AB68-6EC20C748014}.Release|Any CPU.Build.0 = Release|Any CPU
		{1AE544E2-827E-4409-AF72-43E653EC176A}.Debug|Any CPU.ActiveCfg = Debug|Any CPU
		{1AE544E2-827E-4409-AF72-43E653EC176A}.Debug|Any CPU.Build.0 = Debug|Any CPU
		{1AE544E2-827E-4409-AF72-43E653EC176A}.Release|Any CPU.ActiveCfg = Release|Any CPU
		{1AE544E2-827E-4409-AF72-43E653EC176A}.Release|Any CPU.Build.0 = Release|Any CPU
		{786D833D-AD28-467A-986D-2D842C164230}.Debug|Any CPU.ActiveCfg = Debug|Any CPU
		{786D833D-AD28-467A-986D-2D842C164230}.Debug|Any CPU.Build.0 = Debug|Any CPU
		{786D833D-AD28-467A-986D-2D842C164230}.Release|Any CPU.ActiveCfg = Release|Any CPU
		{786D833D-AD28-467A-986D-2D842C164230}.Release|Any CPU.Build.0 = Release|Any CPU
		{A258F585-0D6E-46FC-BACE-8ACA98FC399E}.Debug|Any CPU.ActiveCfg = Debug|Any CPU
		{A258F585-0D6E-46FC-BACE-8ACA98FC399E}.Debug|Any CPU.Build.0 = Debug|Any CPU
		{A258F585-0D6E-46FC-BACE-8ACA98FC399E}.Release|Any CPU.ActiveCfg = Release|Any CPU
		{A258F585-0D6E-46FC-BACE-8ACA98FC399E}.Release|Any CPU.Build.0 = Release|Any CPU
		{F8B5C380-6136-4773-A036-A688BAE51F59}.Debug|Any CPU.ActiveCfg = Debug|Any CPU
		{F8B5C380-6136-4773-A036-A688BAE51F59}.Debug|Any CPU.Build.0 = Debug|Any CPU
		{F8B5C380-6136-4773-A036-A688BAE51F59}.Release|Any CPU.ActiveCfg = Release|Any CPU
		{F8B5C380-6136-4773-A036-A688BAE51F59}.Release|Any CPU.Build.0 = Release|Any CPU
		{0497D9B6-C86E-499B-A833-C9534445331D}.Debug|Any CPU.ActiveCfg = Debug|Any CPU
		{0497D9B6-C86E-499B-A833-C9534445331D}.Debug|Any CPU.Build.0 = Debug|Any CPU
		{0497D9B6-C86E-499B-A833-C9534445331D}.Release|Any CPU.ActiveCfg = Release|Any CPU
		{0497D9B6-C86E-499B-A833-C9534445331D}.Release|Any CPU.Build.0 = Release|Any CPU
		{54595501-0CCA-43C0-A110-CC26C9DB60AE}.Debug|Any CPU.ActiveCfg = Debug|Any CPU
		{54595501-0CCA-43C0-A110-CC26C9DB60AE}.Debug|Any CPU.Build.0 = Debug|Any CPU
		{54595501-0CCA-43C0-A110-CC26C9DB60AE}.Release|Any CPU.ActiveCfg = Release|Any CPU
		{54595501-0CCA-43C0-A110-CC26C9DB60AE}.Release|Any CPU.Build.0 = Release|Any CPU
		{9C71E054-CE81-40FE-9D42-2DD1694C1AD5}.Debug|Any CPU.ActiveCfg = Debug|Any CPU
		{9C71E054-CE81-40FE-9D42-2DD1694C1AD5}.Debug|Any CPU.Build.0 = Debug|Any CPU
		{9C71E054-CE81-40FE-9D42-2DD1694C1AD5}.Release|Any CPU.ActiveCfg = Release|Any CPU
		{9C71E054-CE81-40FE-9D42-2DD1694C1AD5}.Release|Any CPU.Build.0 = Release|Any CPU
		{61BA2A15-A909-442D-B4A5-A3880D81A301}.Debug|Any CPU.ActiveCfg = Debug|Any CPU
		{61BA2A15-A909-442D-B4A5-A3880D81A301}.Debug|Any CPU.Build.0 = Debug|Any CPU
		{61BA2A15-A909-442D-B4A5-A3880D81A301}.Release|Any CPU.ActiveCfg = Release|Any CPU
		{61BA2A15-A909-442D-B4A5-A3880D81A301}.Release|Any CPU.Build.0 = Release|Any CPU
		{E8D333D4-8B7C-4C94-A00C-0CE8DF426EBB}.Debug|Any CPU.ActiveCfg = Debug|Any CPU
		{E8D333D4-8B7C-4C94-A00C-0CE8DF426EBB}.Debug|Any CPU.Build.0 = Debug|Any CPU
		{E8D333D4-8B7C-4C94-A00C-0CE8DF426EBB}.Release|Any CPU.ActiveCfg = Release|Any CPU
		{E8D333D4-8B7C-4C94-A00C-0CE8DF426EBB}.Release|Any CPU.Build.0 = Release|Any CPU
		{90C99469-19DA-43AA-A83D-1997B6746DF9}.Debug|Any CPU.ActiveCfg = Debug|Any CPU
		{90C99469-19DA-43AA-A83D-1997B6746DF9}.Debug|Any CPU.Build.0 = Debug|Any CPU
		{90C99469-19DA-43AA-A83D-1997B6746DF9}.Release|Any CPU.ActiveCfg = Release|Any CPU
		{90C99469-19DA-43AA-A83D-1997B6746DF9}.Release|Any CPU.Build.0 = Release|Any CPU
		{6BEE3DB6-BBF1-4581-BA5D-FE12B86B9AE8}.Debug|Any CPU.ActiveCfg = Debug|Any CPU
		{6BEE3DB6-BBF1-4581-BA5D-FE12B86B9AE8}.Debug|Any CPU.Build.0 = Debug|Any CPU
		{6BEE3DB6-BBF1-4581-BA5D-FE12B86B9AE8}.Release|Any CPU.ActiveCfg = Release|Any CPU
		{6BEE3DB6-BBF1-4581-BA5D-FE12B86B9AE8}.Release|Any CPU.Build.0 = Release|Any CPU
		{8A1F529D-0C52-4EE8-89AF-F2B89A2CE1BC}.Debug|Any CPU.ActiveCfg = Debug|Any CPU
		{8A1F529D-0C52-4EE8-89AF-F2B89A2CE1BC}.Debug|Any CPU.Build.0 = Debug|Any CPU
		{8A1F529D-0C52-4EE8-89AF-F2B89A2CE1BC}.Release|Any CPU.ActiveCfg = Release|Any CPU
		{8A1F529D-0C52-4EE8-89AF-F2B89A2CE1BC}.Release|Any CPU.Build.0 = Release|Any CPU
		{1E82B2C4-7BA6-43E3-9A3C-B133B5073982}.Debug|Any CPU.ActiveCfg = Debug|Any CPU
		{1E82B2C4-7BA6-43E3-9A3C-B133B5073982}.Debug|Any CPU.Build.0 = Debug|Any CPU
		{1E82B2C4-7BA6-43E3-9A3C-B133B5073982}.Release|Any CPU.ActiveCfg = Release|Any CPU
		{1E82B2C4-7BA6-43E3-9A3C-B133B5073982}.Release|Any CPU.Build.0 = Release|Any CPU
		{E2D61D61-E89B-42AC-8E5B-BD9DF3B7A87B}.Debug|Any CPU.ActiveCfg = Debug|Any CPU
		{E2D61D61-E89B-42AC-8E5B-BD9DF3B7A87B}.Debug|Any CPU.Build.0 = Debug|Any CPU
		{E2D61D61-E89B-42AC-8E5B-BD9DF3B7A87B}.Release|Any CPU.ActiveCfg = Release|Any CPU
		{E2D61D61-E89B-42AC-8E5B-BD9DF3B7A87B}.Release|Any CPU.Build.0 = Release|Any CPU
		{846047E4-6949-4E77-806F-38756483A571}.Debug|Any CPU.ActiveCfg = Debug|Any CPU
		{846047E4-6949-4E77-806F-38756483A571}.Debug|Any CPU.Build.0 = Debug|Any CPU
		{846047E4-6949-4E77-806F-38756483A571}.Release|Any CPU.ActiveCfg = Release|Any CPU
		{846047E4-6949-4E77-806F-38756483A571}.Release|Any CPU.Build.0 = Release|Any CPU
		{DCD9FC44-DEBE-44F5-8499-E6C7C5FECA22}.Debug|Any CPU.ActiveCfg = Debug|Any CPU
		{DCD9FC44-DEBE-44F5-8499-E6C7C5FECA22}.Debug|Any CPU.Build.0 = Debug|Any CPU
		{DCD9FC44-DEBE-44F5-8499-E6C7C5FECA22}.Release|Any CPU.ActiveCfg = Release|Any CPU
		{DCD9FC44-DEBE-44F5-8499-E6C7C5FECA22}.Release|Any CPU.Build.0 = Release|Any CPU
		{AB8704C1-C87D-45C3-88C3-859C2EF8C3FF}.Debug|Any CPU.ActiveCfg = Debug|Any CPU
		{AB8704C1-C87D-45C3-88C3-859C2EF8C3FF}.Debug|Any CPU.Build.0 = Debug|Any CPU
		{AB8704C1-C87D-45C3-88C3-859C2EF8C3FF}.Release|Any CPU.ActiveCfg = Release|Any CPU
		{AB8704C1-C87D-45C3-88C3-859C2EF8C3FF}.Release|Any CPU.Build.0 = Release|Any CPU
		{7F12AF7C-03AC-42DA-8A19-4D401353ECA0}.Debug|Any CPU.ActiveCfg = Debug|Any CPU
		{7F12AF7C-03AC-42DA-8A19-4D401353ECA0}.Debug|Any CPU.Build.0 = Debug|Any CPU
		{7F12AF7C-03AC-42DA-8A19-4D401353ECA0}.Release|Any CPU.ActiveCfg = Release|Any CPU
		{7F12AF7C-03AC-42DA-8A19-4D401353ECA0}.Release|Any CPU.Build.0 = Release|Any CPU
		{2C594C34-4996-4C15-9B21-6D5FBBDA7B25}.Debug|Any CPU.ActiveCfg = Debug|Any CPU
		{2C594C34-4996-4C15-9B21-6D5FBBDA7B25}.Debug|Any CPU.Build.0 = Debug|Any CPU
		{2C594C34-4996-4C15-9B21-6D5FBBDA7B25}.Release|Any CPU.ActiveCfg = Release|Any CPU
		{2C594C34-4996-4C15-9B21-6D5FBBDA7B25}.Release|Any CPU.Build.0 = Release|Any CPU
		{E6DE4DE7-7289-4661-8BDC-F8FA6575EA4E}.Debug|Any CPU.ActiveCfg = Debug|Any CPU
		{E6DE4DE7-7289-4661-8BDC-F8FA6575EA4E}.Debug|Any CPU.Build.0 = Debug|Any CPU
		{E6DE4DE7-7289-4661-8BDC-F8FA6575EA4E}.Release|Any CPU.ActiveCfg = Release|Any CPU
		{E6DE4DE7-7289-4661-8BDC-F8FA6575EA4E}.Release|Any CPU.Build.0 = Release|Any CPU
		{62183CDA-2FE3-4909-81DA-4DB6E01C2C1F}.Debug|Any CPU.ActiveCfg = Debug|Any CPU
		{62183CDA-2FE3-4909-81DA-4DB6E01C2C1F}.Debug|Any CPU.Build.0 = Debug|Any CPU
		{62183CDA-2FE3-4909-81DA-4DB6E01C2C1F}.Release|Any CPU.ActiveCfg = Release|Any CPU
		{62183CDA-2FE3-4909-81DA-4DB6E01C2C1F}.Release|Any CPU.Build.0 = Release|Any CPU
		{AF802159-D61E-4DA5-8F14-EC3CFF788004}.Debug|Any CPU.ActiveCfg = Debug|Any CPU
		{AF802159-D61E-4DA5-8F14-EC3CFF788004}.Debug|Any CPU.Build.0 = Debug|Any CPU
		{AF802159-D61E-4DA5-8F14-EC3CFF788004}.Release|Any CPU.ActiveCfg = Release|Any CPU
		{AF802159-D61E-4DA5-8F14-EC3CFF788004}.Release|Any CPU.Build.0 = Release|Any CPU
	EndGlobalSection
	GlobalSection(SolutionProperties) = preSolution
		HideSolutionNode = FALSE
	EndGlobalSection
	GlobalSection(NestedProjects) = preSolution
		{FFB155B1-B334-4E18-B370-B54736967303} = {F61AC105-B06B-4911-A75F-5020C8B774EC}
		{335A2804-8687-4A63-AB68-6EC20C748014} = {F61AC105-B06B-4911-A75F-5020C8B774EC}
		{1AE544E2-827E-4409-AF72-43E653EC176A} = {F61AC105-B06B-4911-A75F-5020C8B774EC}
		{786D833D-AD28-467A-986D-2D842C164230} = {00EE7975-0929-476C-8F62-0794D97D4C6C}
		{A258F585-0D6E-46FC-BACE-8ACA98FC399E} = {00EE7975-0929-476C-8F62-0794D97D4C6C}
		{F8B5C380-6136-4773-A036-A688BAE51F59} = {00EE7975-0929-476C-8F62-0794D97D4C6C}
		{0497D9B6-C86E-499B-A833-C9534445331D} = {3D2B247F-C8C5-4AA6-92D3-0839719EC9EE}
		{54595501-0CCA-43C0-A110-CC26C9DB60AE} = {3D2B247F-C8C5-4AA6-92D3-0839719EC9EE}
		{9C71E054-CE81-40FE-9D42-2DD1694C1AD5} = {3D2B247F-C8C5-4AA6-92D3-0839719EC9EE}
		{61BA2A15-A909-442D-B4A5-A3880D81A301} = {AED2748C-EC19-4F9E-8C77-69D3D19EC224}
		{E8D333D4-8B7C-4C94-A00C-0CE8DF426EBB} = {AED2748C-EC19-4F9E-8C77-69D3D19EC224}
		{90C99469-19DA-43AA-A83D-1997B6746DF9} = {AED2748C-EC19-4F9E-8C77-69D3D19EC224}
		{6BEE3DB6-BBF1-4581-BA5D-FE12B86B9AE8} = {7552CD10-EC3B-4E0A-AA31-5C7D05A0ED54}
		{8A1F529D-0C52-4EE8-89AF-F2B89A2CE1BC} = {7552CD10-EC3B-4E0A-AA31-5C7D05A0ED54}
		{1E82B2C4-7BA6-43E3-9A3C-B133B5073982} = {7552CD10-EC3B-4E0A-AA31-5C7D05A0ED54}
		{E2D61D61-E89B-42AC-8E5B-BD9DF3B7A87B} = {6D9D5202-3E0E-4E63-9AA7-02EE8110AA99}
		{846047E4-6949-4E77-806F-38756483A571} = {6D9D5202-3E0E-4E63-9AA7-02EE8110AA99}
		{DCD9FC44-DEBE-44F5-8499-E6C7C5FECA22} = {6D9D5202-3E0E-4E63-9AA7-02EE8110AA99}
		{AB8704C1-C87D-45C3-88C3-859C2EF8C3FF} = {58C07631-E8FA-4B51-B493-8E7C0073F1E7}
		{7F12AF7C-03AC-42DA-8A19-4D401353ECA0} = {58C07631-E8FA-4B51-B493-8E7C0073F1E7}
		{2C594C34-4996-4C15-9B21-6D5FBBDA7B25} = {58C07631-E8FA-4B51-B493-8E7C0073F1E7}
		{E6DE4DE7-7289-4661-8BDC-F8FA6575EA4E} = {876D84F0-8296-44AF-8B11-05444058115D}
		{62183CDA-2FE3-4909-81DA-4DB6E01C2C1F} = {876D84F0-8296-44AF-8B11-05444058115D}
		{AF802159-D61E-4DA5-8F14-EC3CFF788004} = {876D84F0-8296-44AF-8B11-05444058115D}
	EndGlobalSection
	GlobalSection(ExtensibilityGlobals) = postSolution
		SolutionGuid = {4905F5A6-37B2-4300-8DFB-0CD1DD312882}
	EndGlobalSection
EndGlobal
